
Microsoft Visual Studio Solution File, Format Version 12.00
Project("{FAE04EC0-301F-11D3-BF4B-00C04F79EFBC}") = "WebApp-Template", "WebApp-Template.csproj", "{1909DBF5-3E16-4E25-81AC-0EA0CE70EBAC}"
EndProject
Global
	GlobalSection(SolutionConfigurationPlatforms) = preSolution
		Debug|Any CPU = Debug|Any CPU
		Release|Any CPU = Release|Any CPU
	EndGlobalSection
	GlobalSection(ProjectConfigurationPlatforms) = postSolution
		{1909DBF5-3E16-4E25-81AC-0EA0CE70EBAC}.Debug|Any CPU.ActiveCfg = Debug|Any CPU
		{1909DBF5-3E16-4E25-81AC-0EA0CE70EBAC}.Debug|Any CPU.Build.0 = Debug|Any CPU
		{1909DBF5-3E16-4E25-81AC-0EA0CE70EBAC}.Release|Any CPU.ActiveCfg = Release|Any CPU
		{1909DBF5-3E16-4E25-81AC-0EA0CE70EBAC}.Release|Any CPU.Build.0 = Release|Any CPU
	EndGlobalSection
EndGlobal
